{
  "name": "FootballScheduler",
  "version": "0.0.1",
  "lockfileVersion": 2,
  "requires": true,
  "packages": {
    "": {
      "dependencies": {
        "@spectrum-css/button": "^10.1.4",
        "@spectrum-css/checkbox": "^6.1.2",
        "@spectrum-css/fieldlabel": "^7.0.9",
        "@spectrum-css/icon": "^3.0.47",
        "@spectrum-css/page": "^5.0.31",
        "@spectrum-css/textfield": "^6.0.1",
        "@spectrum-css/typography": "^5.0.22",
        "@spectrum-css/vars": "^9.0.8",
        "https": "^1.0.0"
      }
    },
    "node_modules/@spectrum-css/button": {
      "version": "10.1.4",
      "resolved": "https://registry.npmjs.org/@spectrum-css/button/-/button-10.1.4.tgz",
      "integrity": "sha512-5OHaVSaiSbq4BfjERjv6RIgK9P8rZi8xdB9fkuBSyIdN2Vp9qAIPx+S6uQmHuPIF9rbKnHlJbyzrKI5wD4iq8g==",
      "peerDependencies": {
        "@spectrum-css/tokens": ">=10.0.0"
      }
    },
    "node_modules/@spectrum-css/checkbox": {
      "version": "6.1.2",
      "resolved": "https://registry.npmjs.org/@spectrum-css/checkbox/-/checkbox-6.1.2.tgz",
      "integrity": "sha512-59p67JwwB2HLKeghNMQfdPNEnP2ZwG9lkdpDkBWqeVTcXwbVX8bFQtCehuN0QtyKh17546FT2tEFWtnYlKeYeg==",
      "peerDependencies": {
        "@spectrum-css/icon": ">=3",
        "@spectrum-css/tokens": ">=10.0.0"
      }
    },
    "node_modules/@spectrum-css/fieldlabel": {
      "version": "7.0.9",
      "resolved": "https://registry.npmjs.org/@spectrum-css/fieldlabel/-/fieldlabel-7.0.9.tgz",
      "integrity": "sha512-Kk5sgoRanO4jHEy/408yEVmaY+xDGzlWsdadgTLCBMW+RZ14R/rOVJCKGS95ljRFymSGB2W6GF/+Qw3p+US9UA==",
      "peerDependencies": {
        "@spectrum-css/icon": ">=3",
        "@spectrum-css/tokens": ">=10.0.0"
      }
    },
    "node_modules/@spectrum-css/icon": {
      "version": "3.0.47",
      "resolved": "https://registry.npmjs.org/@spectrum-css/icon/-/icon-3.0.47.tgz",
      "integrity": "sha512-1pMEvLFK+wVUADCOGAh6RLKb8JYuQp/iQhNElYD7Yxnwq5QoFKSavMEKbQgKq2neqNfisziDRM3s/5CjnRQjqA==",
      "peerDependencies": {
        "@spectrum-css/vars": ">=9"
      }
    },
    "node_modules/@spectrum-css/page": {
      "version": "5.0.31",
      "resolved": "https://registry.npmjs.org/@spectrum-css/page/-/page-5.0.31.tgz",
      "integrity": "sha512-F61w7EmFZ5VVTk6AuvfFGNbviqM+I0GkvOPgZXfWP+gL5beWzbd+ecsMKoFpeDwlH3ai87r4jg1fuI4LhvJFJA==",
      "dependencies": {
        "@spectrum-css/vars": "^9.0.8"
      }
    },
    "node_modules/@spectrum-css/textfield": {
      "version": "6.0.1",
      "resolved": "https://registry.npmjs.org/@spectrum-css/textfield/-/textfield-6.0.1.tgz",
      "integrity": "sha512-I2jr5H0oogeoJ5AS0c8sb6RZqVUXtdrt6rwfouHY5xyq9/5Ioxv0VpLfNgpUN8e8JsWNQKsd8qZhOsDQ2M3Mjw==",
      "peerDependencies": {
        "@spectrum-css/tokens": ">=10.0.0"
      }
    },
    "node_modules/@spectrum-css/tokens": {
      "version": "10.1.2",
      "resolved": "https://registry.npmjs.org/@spectrum-css/tokens/-/tokens-10.1.2.tgz",
      "integrity": "sha512-H78KhUllyRF3tEbj8/3G+nVGqCWBQdr9jGiX+e0JWTtszMNhzVXg6+mR9BrtAX1K8aGIVNHkiipaCLTD/c2DSw==",
      "peer": true
    },
    "node_modules/@spectrum-css/typography": {
      "version": "5.0.22",
      "resolved": "https://registry.npmjs.org/@spectrum-css/typography/-/typography-5.0.22.tgz",
      "integrity": "sha512-UuynWMPocQ/c4NXhqYxxI08vqQ3jK0qaMz2kuu9dKhrQkYNg8zZhx97kvelVYjfcQ7BxKrNh2xx1Io7g60i2oA==",
      "peerDependencies": {
        "@spectrum-css/tokens": ">=9"
      }
    },
    "node_modules/@spectrum-css/vars": {
      "version": "9.0.8",
      "resolved": "https://registry.npmjs.org/@spectrum-css/vars/-/vars-9.0.8.tgz",
      "integrity": "sha512-rGfd7jqXOdR69bEjrRP58ynuIeJU0czPfwQvzhtCzg7jKVukV+efNHqrs086sC6xutB3W4TF71K/dZMr3oyTyg=="
    },
    "node_modules/https": {
      "version": "1.0.0",
      "resolved": "https://registry.npmjs.org/https/-/https-1.0.0.tgz",
      "integrity": "sha512-4EC57ddXrkaF0x83Oj8sM6SLQHAWXw90Skqu2M4AEWENZ3F02dFJE/GARA8igO79tcgYqGrD7ae4f5L3um2lgg=="
    }
  },
  "dependencies": {
    "@spectrum-css/button": {
      "version": "10.1.4",
      "resolved": "https://registry.npmjs.org/@spectrum-css/button/-/button-10.1.4.tgz",
      "integrity": "sha512-5OHaVSaiSbq4BfjERjv6RIgK9P8rZi8xdB9fkuBSyIdN2Vp9qAIPx+S6uQmHuPIF9rbKnHlJbyzrKI5wD4iq8g==",
      "requires": {}
    },
    "@spectrum-css/checkbox": {
      "version": "6.1.2",
      "resolved": "https://registry.npmjs.org/@spectrum-css/checkbox/-/checkbox-6.1.2.tgz",
      "integrity": "sha512-59p67JwwB2HLKeghNMQfdPNEnP2ZwG9lkdpDkBWqeVTcXwbVX8bFQtCehuN0QtyKh17546FT2tEFWtnYlKeYeg==",
      "requires": {}
    },
    "@spectrum-css/fieldlabel": {
      "version": "7.0.9",
      "resolved": "https://registry.npmjs.org/@spectrum-css/fieldlabel/-/fieldlabel-7.0.9.tgz",
      "integrity": "sha512-Kk5sgoRanO4jHEy/408yEVmaY+xDGzlWsdadgTLCBMW+RZ14R/rOVJCKGS95ljRFymSGB2W6GF/+Qw3p+US9UA==",
      "requires": {}
    },
    "@spectrum-css/icon": {
      "version": "3.0.47",
      "resolved": "https://registry.npmjs.org/@spectrum-css/icon/-/icon-3.0.47.tgz",
      "integrity": "sha512-1pMEvLFK+wVUADCOGAh6RLKb8JYuQp/iQhNElYD7Yxnwq5QoFKSavMEKbQgKq2neqNfisziDRM3s/5CjnRQjqA==",
      "requires": {}
    },
    "@spectrum-css/page": {
      "version": "5.0.31",
      "resolved": "https://registry.npmjs.org/@spectrum-css/page/-/page-5.0.31.tgz",
      "integrity": "sha512-F61w7EmFZ5VVTk6AuvfFGNbviqM+I0GkvOPgZXfWP+gL5beWzbd+ecsMKoFpeDwlH3ai87r4jg1fuI4LhvJFJA==",
      "requires": {
        "@spectrum-css/vars": "^9.0.8"
      }
    },
    "@spectrum-css/textfield": {
      "version": "6.0.1",
      "resolved": "https://registry.npmjs.org/@spectrum-css/textfield/-/textfield-6.0.1.tgz",
      "integrity": "sha512-I2jr5H0oogeoJ5AS0c8sb6RZqVUXtdrt6rwfouHY5xyq9/5Ioxv0VpLfNgpUN8e8JsWNQKsd8qZhOsDQ2M3Mjw==",
      "requires": {}
    },
    "@spectrum-css/tokens": {
      "version": "10.1.2",
      "resolved": "https://registry.npmjs.org/@spectrum-css/tokens/-/tokens-10.1.2.tgz",
      "integrity": "sha512-H78KhUllyRF3tEbj8/3G+nVGqCWBQdr9jGiX+e0JWTtszMNhzVXg6+mR9BrtAX1K8aGIVNHkiipaCLTD/c2DSw==",
      "peer": true
    },
    "@spectrum-css/typography": {
      "version": "5.0.22",
      "resolved": "https://registry.npmjs.org/@spectrum-css/typography/-/typography-5.0.22.tgz",
      "integrity": "sha512-UuynWMPocQ/c4NXhqYxxI08vqQ3jK0qaMz2kuu9dKhrQkYNg8zZhx97kvelVYjfcQ7BxKrNh2xx1Io7g60i2oA==",
      "requires": {}
    },
    "@spectrum-css/vars": {
      "version": "9.0.8",
      "resolved": "https://registry.npmjs.org/@spectrum-css/vars/-/vars-9.0.8.tgz",
      "integrity": "sha512-rGfd7jqXOdR69bEjrRP58ynuIeJU0czPfwQvzhtCzg7jKVukV+efNHqrs086sC6xutB3W4TF71K/dZMr3oyTyg=="
    },
    "https": {
      "version": "1.0.0",
      "resolved": "https://registry.npmjs.org/https/-/https-1.0.0.tgz",
      "integrity": "sha512-4EC57ddXrkaF0x83Oj8sM6SLQHAWXw90Skqu2M4AEWENZ3F02dFJE/GARA8igO79tcgYqGrD7ae4f5L3um2lgg=="
    }
  }
}
